
Microsoft Visual Studio Solution File, Format Version 12.00
# Visual Studio Version 16
VisualStudioVersion = 16.0.29613.14
MinimumVisualStudioVersion = 10.0.40219.1
Project("{888888A0-9F3D-457C-B088-3A5042F75D52}") = "BrewRpi", "BrewRpi.pyproj", "{E6840B87-56F9-446D-BCFB-9C6CC21CDD08}"
EndProject
Global
	GlobalSection(SolutionConfigurationPlatforms) = preSolution
		Debug|Any CPU = Debug|Any CPU
		Release|Any CPU = Release|Any CPU
	EndGlobalSection
	GlobalSection(ProjectConfigurationPlatforms) = postSolution
		{E6840B87-56F9-446D-BCFB-9C6CC21CDD08}.Debug|Any CPU.ActiveCfg = Debug|Any CPU
		{E6840B87-56F9-446D-BCFB-9C6CC21CDD08}.Debug|Any CPU.Build.0 = Debug|Any CPU
		{E6840B87-56F9-446D-BCFB-9C6CC21CDD08}.Release|Any CPU.ActiveCfg = Release|Any CPU
		{E6840B87-56F9-446D-BCFB-9C6CC21CDD08}.Release|Any CPU.Build.0 = Release|Any CPU
	EndGlobalSection
	GlobalSection(SolutionProperties) = preSolution
		HideSolutionNode = FALSE
	EndGlobalSection
	GlobalSection(ExtensibilityGlobals) = postSolution
		SolutionGuid = {E5849B82-74FE-4633-B112-C500951A5078}
	EndGlobalSection
EndGlobal
